Microsoft Visual Studio Solution File, Format Version 12.00
# Visual Studio Version 17
VisualStudioVersion = 17.5.2.0
MinimumVisualStudioVersion = 10.0.40219.1
Project("{FAE04EC0-301F-11D3-BF4B-00C04F79EFBC}") = "Writing_App", "Writing_App.csproj", "{EE3102AA-EDFE-4404-B3ED-4EF8598C0F2B}"
EndProject
Global
	GlobalSection(SolutionConfigurationPlatforms) = preSolution
		Debug|Any CPU = Debug|Any CPU
		Release|Any CPU = Release|Any CPU
	EndGlobalSection
	GlobalSection(ProjectConfigurationPlatforms) = postSolution
		{EE3102AA-EDFE-4404-B3ED-4EF8598C0F2B}.Debug|Any CPU.ActiveCfg = Debug|AnyCPU
		{EE3102AA-EDFE-4404-B3ED-4EF8598C0F2B}.Debug|Any CPU.Build.0 = Debug|AnyCPU
		{EE3102AA-EDFE-4404-B3ED-4EF8598C0F2B}.Release|Any CPU.ActiveCfg = Release|AnyCPU
		{EE3102AA-EDFE-4404-B3ED-4EF8598C0F2B}.Release|Any CPU.Build.0 = Release|AnyCPU
	EndGlobalSection
	GlobalSection(SolutionProperties) = preSolution
		HideSolutionNode = FALSE
	EndGlobalSection
	GlobalSection(ExtensibilityGlobals) = postSolution
		SolutionGuid = {946F0B73-17DC-4621-84AD-D16C24DC3F21}
	EndGlobalSection
EndGlobal
